
Microsoft Visual Studio Solution File, Format Version 12.00
# Visual Studio 15
VisualStudioVersion = 15.0.28010.2026
MinimumVisualStudioVersion = 10.0.40219.1
Project("{8BC9CEB8-8B4A-11D0-8D11-00A0C91BC942}") = "ExpressionCalculator", "ExpressionCalculator\ExpressionCalculator.vcxproj", "{D6DB8A7E-9EAF-4771-AFA9-6BC2A360095B}"
EndProject
Project("{8BC9CEB8-8B4A-11D0-8D11-00A0C91BC942}") = "ExpressionCalculatorTest", "ExpressionCalculatorTest\ExpressionCalculatorTest.vcxproj", "{E69C46BE-9212-4D55-9AB1-E4718F18DF40}"
EndProject
Project("{2150E333-8FDC-42A3-9474-1A3956D46DE8}") = "Tests", "Tests", "{4970A488-40F0-4441-BFB0-90960F54CD3C}"
EndProject
Global
	GlobalSection(SolutionConfigurationPlatforms) = preSolution
		Debug|x64 = Debug|x64
		Debug|x86 = Debug|x86
		Release|x64 = Release|x64
		Release|x86 = Release|x86
	EndGlobalSection
	GlobalSection(ProjectConfigurationPlatforms) = postSolution
		{D6DB8A7E-9EAF-4771-AFA9-6BC2A360095B}.Debug|x64.ActiveCfg = Debug|x64
		{D6DB8A7E-9EAF-4771-AFA9-6BC2A360095B}.Debug|x64.Build.0 = Debug|x64
		{D6DB8A7E-9EAF-4771-AFA9-6BC2A360095B}.Debug|x86.ActiveCfg = Debug|Win32
		{D6DB8A7E-9EAF-4771-AFA9-6BC2A360095B}.Debug|x86.Build.0 = Debug|Win32
		{D6DB8A7E-9EAF-4771-AFA9-6BC2A360095B}.Release|x64.ActiveCfg = Release|x64
		{D6DB8A7E-9EAF-4771-AFA9-6BC2A360095B}.Release|x64.Build.0 = Release|x64
		{D6DB8A7E-9EAF-4771-AFA9-6BC2A360095B}.Release|x86.ActiveCfg = Release|Win32
		{D6DB8A7E-9EAF-4771-AFA9-6BC2A360095B}.Release|x86.Build.0 = Release|Win32
		{E69C46BE-9212-4D55-9AB1-E4718F18DF40}.Debug|x64.ActiveCfg = Debug|x64
		{E69C46BE-9212-4D55-9AB1-E4718F18DF40}.Debug|x64.Build.0 = Debug|x64
		{E69C46BE-9212-4D55-9AB1-E4718F18DF40}.Debug|x86.ActiveCfg = Debug|Win32
		{E69C46BE-9212-4D55-9AB1-E4718F18DF40}.Debug|x86.Build.0 = Debug|Win32
		{E69C46BE-9212-4D55-9AB1-E4718F18DF40}.Release|x64.ActiveCfg = Release|x64
		{E69C46BE-9212-4D55-9AB1-E4718F18DF40}.Release|x64.Build.0 = Release|x64
		{E69C46BE-9212-4D55-9AB1-E4718F18DF40}.Release|x86.ActiveCfg = Release|Win32
		{E69C46BE-9212-4D55-9AB1-E4718F18DF40}.Release|x86.Build.0 = Release|Win32
	EndGlobalSection
	GlobalSection(SolutionProperties) = preSolution
		HideSolutionNode = FALSE
	EndGlobalSection
	GlobalSection(NestedProjects) = preSolution
		{E69C46BE-9212-4D55-9AB1-E4718F18DF40} = {4970A488-40F0-4441-BFB0-90960F54CD3C}
	EndGlobalSection
	GlobalSection(ExtensibilityGlobals) = postSolution
		SolutionGuid = {82E90045-F2A2-4B03-9D9D-271AC2594EBA}
	EndGlobalSection
EndGlobal
